// !$*UTF8*$!
{
	archiveVersion = 1;
	classes = {
	};
	objectVersion = 56;
	objects = {

/* Begin PBXBuildFile section */
		87A8FC062B9C60560053CBBC /* firstAppApp.swift in Sources */ = {isa = PBXBuildFile; fileRef = 87A8FC052B9C60560053CBBC /* firstAppApp.swift */; };
		87A8FC082B9C60560053CBBC /* ContentView.swift in Sources */ = {isa = PBXBuildFile; fileRef = 87A8FC072B9C60560053CBBC /* ContentView.swift */; };
		87A8FC0A2B9C60580053CBBC /* Assets.xcassets in Resources */ = {isa = PBXBuildFile; fileRef = 87A8FC092B9C60580053CBBC /* Assets.xcassets */; };
		87A8FC0D2B9C60580053CBBC /* Preview Assets.xcassets in Resources */ = {isa = PBXBuildFile; fileRef = 87A8FC0C2B9C60580053CBBC /* Preview Assets.xcassets */; };
		87A8FC172B9C60590053CBBC /* firstAppTests.swift in Sources */ = {isa = PBXBuildFile; fileRef = 87A8FC162B9C60590053CBBC /* firstAppTests.swift */; };
		87A8FC212B9C60590053CBBC /* firstAppUITests.swift in Sources */ = {isa = PBXBuildFile; fileRef = 87A8FC202B9C60590053CBBC /* firstAppUITests.swift */; };
		87A8FC232B9C60590053CBBC /* firstAppUITestsLaunchTests.swift in Sources */ = {isa = PBXBuildFile; fileRef = 87A8FC222B9C60590053CBBC /* firstAppUITestsLaunchTests.swift */; };
/* End PBXBuildFile section */

/* Begin PBXContainerItemProxy section */
		87A8FC132B9C60590053CBBC /* PBXContainerItemProxy */ = {
			isa = PBXContainerItemProxy;
			containerPortal = 87A8FBFA2B9C60560053CBBC /* Project object */;
			proxyType = 1;
			remoteGlobalIDString = 87A8FC012B9C60560053CBBC;
			remoteInfo = firstApp;
		};
		87A8FC1D2B9C60590053CBBC /* PBXContainerItemProxy */ = {
			isa = PBXContainerItemProxy;
			containerPortal = 87A8FBFA2B9C60560053CBBC /* Project object */;
			proxyType = 1;
			remoteGlobalIDString = 87A8FC012B9C60560053CBBC;
			remoteInfo = firstApp;
		};
/* End PBXContainerItemProxy section */

/* Begin PBXFileReference section */
		87A8FC022B9C60560053CBBC /* firstApp.app */ = {isa = PBXFileReference; explicitFileType = wrapper.application; includeInIndex = 0; path = firstApp.app; sourceTree = BUILT_PRODUCTS_DIR; };
		87A8FC052B9C60560053CBBC /* firstAppApp.swift */ = {isa = PBXFileReference; lastKnownFileType = sourcecode.swift; path = firstAppApp.swift; sourceTree = "<group>"; };
		87A8FC072B9C60560053CBBC /* ContentView.swift */ = {isa = PBXFileReference; lastKnownFileType = sourcecode.swift; path = ContentView.swift; sourceTree = "<group>"; };
		87A8FC092B9C60580053CBBC /* Assets.xcassets */ = {isa = PBXFileReference; lastKnownFileType = folder.assetcatalog; path = Assets.xcassets; sourceTree = "<group>"; };
		87A8FC0C2B9C60580053CBBC /* Preview Assets.xcassets */ = {isa = PBXFileReference; lastKnownFileType = folder.assetcatalog; path = "Preview Assets.xcassets"; sourceTree = "<group>"; };
		87A8FC122B9C60590053CBBC /* firstAppTests.xctest */ = {isa = PBXFileReference; explicitFileType = wrapper.cfbundle; includeInIndex = 0; path = firstAppTests.xctest; sourceTree = BUILT_PRODUCTS_DIR; };
		87A8FC162B9C60590053CBBC /* firstAppTests.swift */ = {isa = PBXFileReference; lastKnownFileType = sourcecode.swift; path = firstAppTests.swift; sourceTree = "<group>"; };
		87A8FC1C2B9C60590053CBBC /* firstAppUITests.xctest */ = {isa = PBXFileReference; explicitFileType = wrapper.cfbundle; includeInIndex = 0; path = firstAppUITests.xctest; sourceTree = BUILT_PRODUCTS_DIR; };
		87A8FC202B9C60590053CBBC /* firstAppUITests.swift */ = {isa = PBXFileReference; lastKnownFileType = sourcecode.swift; path = firstAppUITests.swift; sourceTree = "<group>"; };
		87A8FC222B9C60590053CBBC /* firstAppUITestsLaunchTests.swift */ = {isa = PBXFileReference; lastKnownFileType = sourcecode.swift; path = firstAppUITestsLaunchTests.swift; sourceTree = "<group>"; };
/* End PBXFileReference section */

/* Begin PBXFrameworksBuildPhase section */
		87A8FBFF2B9C60560053CBBC /* Frameworks */ = {
			isa = PBXFrameworksBuildPhase;
			buildActionMask = 2147483647;
			files = (
			);
			runOnlyForDeploymentPostprocessing = 0;
		};
		87A8FC0F2B9C60590053CBBC /* Frameworks */ = {
			isa = PBXFrameworksBuildPhase;
			buildActionMask = 2147483647;
			files = (
			);
			runOnlyForDeploymentPostprocessing = 0;
		};
		87A8FC192B9C60590053CBBC /* Frameworks */ = {
			isa = PBXFrameworksBuildPhase;
			buildActionMask = 2147483647;
			files = (
			);
			runOnlyForDeploymentPostprocessing = 0;
		};
/* End PBXFrameworksBuildPhase section */

/* Begin PBXGroup section */
		87A8FBF92B9C60560053CBBC = {
			isa = PBXGroup;
			children = (
				87A8FC042B9C60560053CBBC /* firstApp */,
				87A8FC152B9C60590053CBBC /* firstAppTests */,
				87A8FC1F2B9C60590053CBBC /* firstAppUITests */,
				87A8FC032B9C60560053CBBC /* Products */,
			);
			sourceTree = "<group>";
		};
		87A8FC032B9C60560053CBBC /* Products */ = {
			isa = PBXGroup;
			children = (
				87A8FC022B9C60560053CBBC /* firstApp.app */,
				87A8FC122B9C60590053CBBC /* firstAppTests.xctest */,
				87A8FC1C2B9C60590053CBBC /* firstAppUITests.xctest */,
			);
			name = Products;
			sourceTree = "<group>";
		};
		87A8FC042B9C60560053CBBC /* firstApp */ = {
			isa = PBXGroup;
			children = (
				87A8FC052B9C60560053CBBC /* firstAppApp.swift */,
				87A8FC072B9C60560053CBBC /* ContentView.swift */,
				87A8FC092B9C60580053CBBC /* Assets.xcassets */,
				87A8FC0B2B9C60580053CBBC /* Preview Content */,
			);
			path = firstApp;
			sourceTree = "<group>";
		};
		87A8FC0B2B9C60580053CBBC /* Preview Content */ = {
			isa = PBXGroup;
			children = (
				87A8FC0C2B9C60580053CBBC /* Preview Assets.xcassets */,
			);
			path = "Preview Content";
			sourceTree = "<group>";
		};
		87A8FC152B9C60590053CBBC /* firstAppTests */ = {
			isa = PBXGroup;
			children = (
				87A8FC162B9C60590053CBBC /* firstAppTests.swift */,
			);
			path = firstAppTests;
			sourceTree = "<group>";
		};
		87A8FC1F2B9C60590053CBBC /* firstAppUITests */ = {
			isa = PBXGroup;
			children = (
				87A8FC202B9C60590053CBBC /* firstAppUITests.swift */,
				87A8FC222B9C60590053CBBC /* firstAppUITestsLaunchTests.swift */,
			);
			path = firstAppUITests;
			sourceTree = "<group>";
		};
/* End PBXGroup section */

/* Begin PBXNativeTarget section */
		87A8FC012B9C60560053CBBC /* firstApp */ = {
			isa = PBXNativeTarget;
			buildConfigurationList = 87A8FC262B9C60590053CBBC /* Build configuration list for PBXNativeTarget "firstApp" */;
			buildPhases = (
				87A8FBFE2B9C60560053CBBC /* Sources */,
				87A8FBFF2B9C60560053CBBC /* Frameworks */,
				87A8FC002B9C60560053CBBC /* Resources */,
			);
			buildRules = (
			);
			dependencies = (
			);
			name = firstApp;
			productName = firstApp;
			productReference = 87A8FC022B9C60560053CBBC /* firstApp.app */;
			productType = "com.apple.product-type.application";
		};
		87A8FC112B9C60590053CBBC /* firstAppTests */ = {
			isa = PBXNativeTarget;
			buildConfigurationList = 87A8FC292B9C60590053CBBC /* Build configuration list for PBXNativeTarget "firstAppTests" */;
			buildPhases = (
				87A8FC0E2B9C60590053CBBC /* Sources */,
				87A8FC0F2B9C60590053CBBC /* Frameworks */,
				87A8FC102B9C60590053CBBC /* Resources */,
			);
			buildRules = (
			);
			dependencies = (
				87A8FC142B9C60590053CBBC /* PBXTargetDependency */,
			);
			name = firstAppTests;
			productName = firstAppTests;
			productReference = 87A8FC122B9C60590053CBBC /* firstAppTests.xctest */;
			productType = "com.apple.product-type.bundle.unit-test";
		};
		87A8FC1B2B9C60590053CBBC /* firstAppUITests */ = {
			isa = PBXNativeTarget;
			buildConfigurationList = 87A8FC2C2B9C60590053CBBC /* Build configuration list for PBXNativeTarget "firstAppUITests" */;
			buildPhases = (
				87A8FC182B9C60590053CBBC /* Sources */,
				87A8FC192B9C60590053CBBC /* Frameworks */,
				87A8FC1A2B9C60590053CBBC /* Resources */,
			);
			buildRules = (
			);
			dependencies = (
				87A8FC1E2B9C60590053CBBC /* PBXTargetDependency */,
			);
			name = firstAppUITests;
			productName = firstAppUITests;
			productReference = 87A8FC1C2B9C60590053CBBC /* firstAppUITests.xctest */;
			productType = "com.apple.product-type.bundle.ui-testing";
		};
/* End PBXNativeTarget section */

/* Begin PBXProject section */
		87A8FBFA2B9C60560053CBBC /* Project object */ = {
			isa = PBXProject;
			attributes = {
				BuildIndependentTargetsInParallel = 1;
				LastSwiftUpdateCheck = 1530;
				LastUpgradeCheck = 1530;
				TargetAttributes = {
					87A8FC012B9C60560053CBBC = {
						CreatedOnToolsVersion = 15.3;
					};
					87A8FC112B9C60590053CBBC = {
						CreatedOnToolsVersion = 15.3;
						TestTargetID = 87A8FC012B9C60560053CBBC;
					};
					87A8FC1B2B9C60590053CBBC = {
						CreatedOnToolsVersion = 15.3;
						TestTargetID = 87A8FC012B9C60560053CBBC;
					};
				};
			};
			buildConfigurationList = 87A8FBFD2B9C60560053CBBC /* Build configuration list for PBXProject "firstApp" */;
			compatibilityVersion = "Xcode 14.0";
			developmentRegion = en;
			hasScannedForEncodings = 0;
			knownRegions = (
				en,
				Base,
			);
			mainGroup = 87A8FBF92B9C60560053CBBC;
			productRefGroup = 87A8FC032B9C60560053CBBC /* Products */;
			projectDirPath = "";
			projectRoot = "";
			targets = (
				87A8FC012B9C60560053CBBC /* firstApp */,
				87A8FC112B9C60590053CBBC /* firstAppTests */,
				87A8FC1B2B9C60590053CBBC /* firstAppUITests */,
			);
		};
/* End PBXProject section */

/* Begin PBXResourcesBuildPhase section */
		87A8FC002B9C60560053CBBC /* Resources */ = {
			isa = PBXResourcesBuildPhase;
			buildActionMask = 2147483647;
			files = (
				87A8FC0D2B9C60580053CBBC /* Preview Assets.xcassets in Resources */,
				87A8FC0A2B9C60580053CBBC /* Assets.xcassets in Resources */,
			);
			runOnlyForDeploymentPostprocessing = 0;
		};
		87A8FC102B9C60590053CBBC /* Resources */ = {
			isa = PBXResourcesBuildPhase;
			buildActionMask = 2147483647;
			files = (
			);
			runOnlyForDeploymentPostprocessing = 0;
		};
		87A8FC1A2B9C60590053CBBC /* Resources */ = {
			isa = PBXResourcesBuildPhase;
			buildActionMask = 2147483647;
			files = (
			);
			runOnlyForDeploymentPostprocessing = 0;
		};
/* End PBXResourcesBuildPhase section */

/* Begin PBXSourcesBuildPhase section */
		87A8FBFE2B9C60560053CBBC /* Sources */ = {
			isa = PBXSourcesBuildPhase;
			buildActionMask = 2147483647;
			files = (
				87A8FC082B9C60560053CBBC /* ContentView.swift in Sources */,
				87A8FC062B9C60560053CBBC /* firstAppApp.swift in Sources */,
			);
			runOnlyForDeploymentPostprocessing = 0;
		};
		87A8FC0E2B9C60590053CBBC /* Sources */ = {
			isa = PBXSourcesBuildPhase;
			buildActionMask = 2147483647;
			files = (
				87A8FC172B9C60590053CBBC /* firstAppTests.swift in Sources */,
			);
			runOnlyForDeploymentPostprocessing = 0;
		};
		87A8FC182B9C60590053CBBC /* Sources */ = {
			isa = PBXSourcesBuildPhase;
			buildActionMask = 2147483647;
			files = (
				87A8FC232B9C60590053CBBC /* firstAppUITestsLaunchTests.swift in Sources */,
				87A8FC212B9C60590053CBBC /* firstAppUITests.swift in Sources */,
			);
			runOnlyForDeploymentPostprocessing = 0;
		};
/* End PBXSourcesBuildPhase section */

/* Begin PBXTargetDependency section */
		87A8FC142B9C60590053CBBC /* PBXTargetDependency */ = {
			isa = PBXTargetDependency;
			target = 87A8FC012B9C60560053CBBC /* firstApp */;
			targetProxy = 87A8FC132B9C60590053CBBC /* PBXContainerItemProxy */;
		};
		87A8FC1E2B9C60590053CBBC /* PBXTargetDependency */ = {
			isa = PBXTargetDependency;
			target = 87A8FC012B9C60560053CBBC /* firstApp */;
			targetProxy = 87A8FC1D2B9C60590053CBBC /* PBXContainerItemProxy */;
		};
/* End PBXTargetDependency section */

/* Begin XCBuildConfiguration section */
		87A8FC242B9C60590053CBBC /* Debug */ = {
			isa = XCBuildConfiguration;
			buildSettings = {
				ALWAYS_SEARCH_USER_PATHS = NO;
				ASSETCATALOG_COMPILER_GENERATE_SWIFT_ASSET_SYMBOL_EXTENSIONS = YES;
				CLANG_ANALYZER_NONNULL = YES;
				CLANG_ANALYZER_NUMBER_OBJECT_CONVERSION = YES_AGGRESSIVE;
				CLANG_CXX_LANGUAGE_STANDARD = "gnu++20";
				CLANG_ENABLE_MODULES = YES;
				CLANG_ENABLE_OBJC_ARC = YES;
				CLANG_ENABLE_OBJC_WEAK = YES;
				CLANG_WARN_BLOCK_CAPTURE_AUTORELEASING = YES;
				CLANG_WARN_BOOL_CONVERSION = YES;
				CLANG_WARN_COMMA = YES;
				CLANG_WARN_CONSTANT_CONVERSION = YES;
				CLANG_WARN_DEPRECATED_OBJC_IMPLEMENTATIONS = YES;
				CLANG_WARN_DIRECT_OBJC_ISA_USAGE = YES_ERROR;
				CLANG_WARN_DOCUMENTATION_COMMENTS = YES;
				CLANG_WARN_EMPTY_BODY = YES;
				CLANG_WARN_ENUM_CONVERSION = YES;
				CLANG_WARN_INFINITE_RECURSION = YES;
				CLANG_WARN_INT_CONVERSION = YES;
				CLANG_WARN_NON_LITERAL_NULL_CONVERSION = YES;
				CLANG_WARN_OBJC_IMPLICIT_RETAIN_SELF = YES;
				CLANG_WARN_OBJC_LITERAL_CONVERSION = YES;
				CLANG_WARN_OBJC_ROOT_CLASS = YES_ERROR;
				CLANG_WARN_QUOTED_INCLUDE_IN_FRAMEWORK_HEADER = YES;
				CLANG_WARN_RANGE_LOOP_ANALYSIS = YES;
				CLANG_WARN_STRICT_PROTOTYPES = YES;
				CLANG_WARN_SUSPICIOUS_MOVE = YES;
				CLANG_WARN_UNGUARDED_AVAILABILITY = YES_AGGRESSIVE;
				CLANG_WARN_UNREACHABLE_CODE = YES;
				CLANG_WARN__DUPLICATE_METHOD_MATCH = YES;
				COPY_PHASE_STRIP = NO;
				DEBUG_INFORMATION_FORMAT = dwarf;
				ENABLE_STRICT_OBJC_MSGSEND = YES;
				ENABLE_TESTABILITY = YES;
				ENABLE_USER_SCRIPT_SANDBOXING = YES;
				GCC_C_LANGUAGE_STANDARD = gnu17;
				GCC_DYNAMIC_NO_PIC = NO;
				GCC_NO_COMMON_BLOCKS = YES;
				GCC_OPTIMIZATION_LEVEL = 0;
				GCC_PREPROCESSOR_DEFINITIONS = (
					"DEBUG=1",
					"$(inherited)",
				);
				GCC_WARN_64_TO_32_BIT_CONVERSION = YES;
				GCC_WARN_ABOUT_RETURN_TYPE = YES_ERROR;
				GCC_WARN_UNDECLARED_SELECTOR = YES;
				GCC_WARN_UNINITIALIZED_AUTOS = YES_AGGRESSIVE;
				GCC_WARN_UNUSED_FUNCTION = YES;
				GCC_WARN_UNUSED_VARIABLE = YES;
				IPHONEOS_DEPLOYMENT_TARGET = 17.4;
				LOCALIZATION_PREFERS_STRING_CATALOGS = YES;
				MTL_ENABLE_DEBUG_INFO = INCLUDE_SOURCE;
				MTL_FAST_MATH = YES;
				ONLY_ACTIVE_ARCH = YES;
				SDKROOT = iphoneos;
				SWIFT_ACTIVE_COMPILATION_CONDITIONS = "DEBUG $(inherited)";
				SWIFT_OPTIMIZATION_LEVEL = "-Onone";
			};
			name = Debug;
		};
		87A8FC252B9C60590053CBBC /* Release */ = {
			isa = XCBuildConfiguration;
			buildSettings = {
				ALWAYS_SEARCH_USER_PATHS = NO;
				ASSETCATALOG_COMPILER_GENERATE_SWIFT_ASSET_SYMBOL_EXTENSIONS = YES;
				CLANG_ANALYZER_NONNULL = YES;
				CLANG_ANALYZER_NUMBER_OBJECT_CONVERSION = YES_AGGRESSIVE;
				CLANG_CXX_LANGUAGE_STANDARD = "gnu++20";
				CLANG_ENABLE_MODULES = YES;
				CLANG_ENABLE_OBJC_ARC = YES;
				CLANG_ENABLE_OBJC_WEAK = YES;
				CLANG_WARN_BLOCK_CAPTURE_AUTORELEASING = YES;
				CLANG_WARN_BOOL_CONVERSION = YES;
				CLANG_WARN_COMMA = YES;
				CLANG_WARN_CONSTANT_CONVERSION = YES;
				CLANG_WARN_DEPRECATED_OBJC_IMPLEMENTATIONS = YES;
				CLANG_WARN_DIRECT_OBJC_ISA_USAGE = YES_ERROR;
				CLANG_WARN_DOCUMENTATION_COMMENTS = YES;
				CLANG_WARN_EMPTY_BODY = YES;
				CLANG_WARN_ENUM_CONVERSION = YES;
				CLANG_WARN_INFINITE_RECURSION = YES;
				CLANG_WARN_INT_CONVERSION = YES;
				CLANG_WARN_NON_LITERAL_NULL_CONVERSION = YES;
				CLANG_WARN_OBJC_IMPLICIT_RETAIN_SELF = YES;
				CLANG_WARN_OBJC_LITERAL_CONVERSION = YES;
				CLANG_WARN_OBJC_ROOT_CLASS = YES_ERROR;
				CLANG_WARN_QUOTED_INCLUDE_IN_FRAMEWORK_HEADER = YES;
				CLANG_WARN_RANGE_LOOP_ANALYSIS = YES;
				CLANG_WARN_STRICT_PROTOTYPES = YES;
				CLANG_WARN_SUSPICIOUS_MOVE = YES;
				CLANG_WARN_UNGUARDED_AVAILABILITY = YES_AGGRESSIVE;
				CLANG_WARN_UNREACHABLE_CODE = YES;
				CLANG_WARN__DUPLICATE_METHOD_MATCH = YES;
				COPY_PHASE_STRIP = NO;
				DEBUG_INFORMATION_FORMAT = "dwarf-with-dsym";
				ENABLE_NS_ASSERTIONS = NO;
				ENABLE_STRICT_OBJC_MSGSEND = YES;
				ENABLE_USER_SCRIPT_SANDBOXING = YES;
				GCC_C_LANGUAGE_STANDARD = gnu17;
				GCC_NO_COMMON_BLOCKS = YES;
				GCC_WARN_64_TO_32_BIT_CONVERSION = YES;
				GCC_WARN_ABOUT_RETURN_TYPE = YES_ERROR;
				GCC_WARN_UNDECLARED_SELECTOR = YES;
				GCC_WARN_UNINITIALIZED_AUTOS = YES_AGGRESSIVE;
				GCC_WARN_UNUSED_FUNCTION = YES;
				GCC_WARN_UNUSED_VARIABLE = YES;
				IPHONEOS_DEPLOYMENT_TARGET = 17.4;
				LOCALIZATION_PREFERS_STRING_CATALOGS = YES;
				MTL_ENABLE_DEBUG_INFO = NO;
				MTL_FAST_MATH = YES;
				SDKROOT = iphoneos;
				SWIFT_COMPILATION_MODE = wholemodule;
				VALIDATE_PRODUCT = YES;
			};
			name = Release;
		};
		87A8FC272B9C60590053CBBC /* Debug */ = {
			isa = XCBuildConfiguration;
			buildSettings = {
				ASSETCATALOG_COMPILER_APPICON_NAME = AppIcon;
				ASSETCATALOG_COMPILER_GLOBAL_ACCENT_COLOR_NAME = AccentColor;
				CODE_SIGN_STYLE = Automatic;
				CURRENT_PROJECT_VERSION = 1;
				DEVELOPMENT_ASSET_PATHS = "\"firstApp/Preview Content\"";
				DEVELOPMENT_TEAM = QLP63UY2K4;
				ENABLE_PREVIEWS = YES;
				GENERATE_INFOPLIST_FILE = YES;
				INFOPLIST_KEY_UIApplicationSceneManifest_Generation = YES;
				INFOPLIST_KEY_UIApplicationSupportsIndirectInputEvents = YES;
				INFOPLIST_KEY_UILaunchScreen_Generation = YES;
				INFOPLIST_KEY_UISupportedInterfaceOrientations_iPad = "UIInterfaceOrientationPortrait UIInterfaceOrientationPortraitUpsideDown UIInterfaceOrientationLandscapeLeft UIInterfaceOrientationLandscapeRight";
				INFOPLIST_KEY_UISupportedInterfaceOrientations_iPhone = "UIInterfaceOrientationPortrait UIInterfaceOrientationLandscapeLeft UIInterfaceOrientationLandscapeRight";
				LD_RUNPATH_SEARCH_PATHS = (
					"$(inherited)",
					"@executable_path/Frameworks",
				);
				MARKETING_VERSION = 1.0;
				PRODUCT_BUNDLE_IDENTIFIER = com.xiaoming.firstApp;
				PRODUCT_NAME = "$(TARGET_NAME)";
				SWIFT_EMIT_LOC_STRINGS = YES;
				SWIFT_VERSION = 5.0;
				TARGETED_DEVICE_FAMILY = "1,2";
			};
			name = Debug;
		};
		87A8FC282B9C60590053CBBC /* Release */ = {
			isa = XCBuildConfiguration;
			buildSettings = {
				ASSETCATALOG_COMPILER_APPICON_NAME = AppIcon;
				ASSETCATALOG_COMPILER_GLOBAL_ACCENT_COLOR_NAME = AccentColor;
				CODE_SIGN_STYLE = Automatic;
				CURRENT_PROJECT_VERSION = 1;
				DEVELOPMENT_ASSET_PATHS = "\"firstApp/Preview Content\"";
				DEVELOPMENT_TEAM = QLP63UY2K4;
				ENABLE_PREVIEWS = YES;
				GENERATE_INFOPLIST_FILE = YES;
				INFOPLIST_KEY_UIApplicationSceneManifest_Generation = YES;
				INFOPLIST_KEY_UIApplicationSupportsIndirectInputEvents = YES;
				INFOPLIST_KEY_UILaunchScreen_Generation = YES;
				INFOPLIST_KEY_UISupportedInterfaceOrientations_iPad = "UIInterfaceOrientationPortrait UIInterfaceOrientationPortraitUpsideDown UIInterfaceOrientationLandscapeLeft UIInterfaceOrientationLandscapeRight";
				INFOPLIST_KEY_UISupportedInterfaceOrientations_iPhone = "UIInterfaceOrientationPortrait UIInterfaceOrientationLandscapeLeft UIInterfaceOrientationLandscapeRight";
				LD_RUNPATH_SEARCH_PATHS = (
					"$(inherited)",
					"@executable_path/Frameworks",
				);
				MARKETING_VERSION = 1.0;
				PRODUCT_BUNDLE_IDENTIFIER = com.xiaoming.firstApp;
				PRODUCT_NAME = "$(TARGET_NAME)";
				SWIFT_EMIT_LOC_STRINGS = YES;
				SWIFT_VERSION = 5.0;
				TARGETED_DEVICE_FAMILY = "1,2";
			};
			name = Release;
		};
		87A8FC2A2B9C60590053CBBC /* Debug */ = {
			isa = XCBuildConfiguration;
			buildSettings = {
				ALWAYS_EMBED_SWIFT_STANDARD_LIBRARIES = YES;
				BUNDLE_LOADER = "$(TEST_HOST)";
				CODE_SIGN_STYLE = Automatic;
				CURRENT_PROJECT_VERSION = 1;
				DEVELOPMENT_TEAM = QLP63UY2K4;
				GENERATE_INFOPLIST_FILE = YES;
				IPHONEOS_DEPLOYMENT_TARGET = 17.4;
				MARKETING_VERSION = 1.0;
				PRODUCT_BUNDLE_IDENTIFIER = com.xiaoming.firstAppTests;
				PRODUCT_NAME = "$(TARGET_NAME)";
				SWIFT_EMIT_LOC_STRINGS = NO;
				SWIFT_VERSION = 5.0;
				TARGETED_DEVICE_FAMILY = "1,2";
				TEST_HOST = "$(BUILT_PRODUCTS_DIR)/firstApp.app/$(BUNDLE_EXECUTABLE_FOLDER_PATH)/firstApp";
			};
			name = Debug;
		};
		87A8FC2B2B9C60590053CBBC /* Release */ = {
			isa = XCBuildConfiguration;
			buildSettings = {
				ALWAYS_EMBED_SWIFT_STANDARD_LIBRARIES = YES;
				BUNDLE_LOADER = "$(TEST_HOST)";
				CODE_SIGN_STYLE = Automatic;
				CURRENT_PROJECT_VERSION = 1;
				DEVELOPMENT_TEAM = QLP63UY2K4;
				GENERATE_INFOPLIST_FILE = YES;
				IPHONEOS_DEPLOYMENT_TARGET = 17.4;
				MARKETING_VERSION = 1.0;
				PRODUCT_BUNDLE_IDENTIFIER = com.xiaoming.firstAppTests;
				PRODUCT_NAME = "$(TARGET_NAME)";
				SWIFT_EMIT_LOC_STRINGS = NO;
				SWIFT_VERSION = 5.0;
				TARGETED_DEVICE_FAMILY = "1,2";
				TEST_HOST = "$(BUILT_PRODUCTS_DIR)/firstApp.app/$(BUNDLE_EXECUTABLE_FOLDER_PATH)/firstApp";
			};
			name = Release;
		};
		87A8FC2D2B9C60590053CBBC /* Debug */ = {
			isa = XCBuildConfiguration;
			buildSettings = {
				ALWAYS_EMBED_SWIFT_STANDARD_LIBRARIES = YES;
				CODE_SIGN_STYLE = Automatic;
				CURRENT_PROJECT_VERSION = 1;
				DEVELOPMENT_TEAM = QLP63UY2K4;
				GENERATE_INFOPLIST_FILE = YES;
				MARKETING_VERSION = 1.0;
				PRODUCT_BUNDLE_IDENTIFIER = com.xiaoming.firstAppUITests;
				PRODUCT_NAME = "$(TARGET_NAME)";
				SWIFT_EMIT_LOC_STRINGS = NO;
				SWIFT_VERSION = 5.0;
				TARGETED_DEVICE_FAMILY = "1,2";
				TEST_TARGET_NAME = firstApp;
			};
			name = Debug;
		};
		87A8FC2E2B9C60590053CBBC /* Release */ = {
			isa = XCBuildConfiguration;
			buildSettings = {
				ALWAYS_EMBED_SWIFT_STANDARD_LIBRARIES = YES;
				CODE_SIGN_STYLE = Automatic;
				CURRENT_PROJECT_VERSION = 1;
				DEVELOPMENT_TEAM = QLP63UY2K4;
				GENERATE_INFOPLIST_FILE = YES;
				MARKETING_VERSION = 1.0;
				PRODUCT_BUNDLE_IDENTIFIER = com.xiaoming.firstAppUITests;
				PRODUCT_NAME = "$(TARGET_NAME)";
				SWIFT_EMIT_LOC_STRINGS = NO;
				SWIFT_VERSION = 5.0;
				TARGETED_DEVICE_FAMILY = "1,2";
				TEST_TARGET_NAME = firstApp;
			};
			name = Release;
		};
/* End XCBuildConfiguration section */

/* Begin XCConfigurationList section */
		87A8FBFD2B9C60560053CBBC /* Build configuration list for PBXProject "firstApp" */ = {
			isa = XCConfigurationList;
			buildConfigurations = (
				87A8FC242B9C60590053CBBC /* Debug */,
				87A8FC252B9C60590053CBBC /* Release */,
			);
			defaultConfigurationIsVisible = 0;
			defaultConfigurationName = Release;
		};
		87A8FC262B9C60590053CBBC /* Build configuration list for PBXNativeTarget "firstApp" */ = {
			isa = XCConfigurationList;
			buildConfigurations = (
				87A8FC272B9C60590053CBBC /* Debug */,
				87A8FC282B9C60590053CBBC /* Release */,
			);
			defaultConfigurationIsVisible = 0;
			defaultConfigurationName = Release;
		};
		87A8FC292B9C60590053CBBC /* Build configuration list for PBXNativeTarget "firstAppTests" */ = {
			isa = XCConfigurationList;
			buildConfigurations = (
				87A8FC2A2B9C60590053CBBC /* Debug */,
				87A8FC2B2B9C60590053CBBC /* Release */,
			);
			defaultConfigurationIsVisible = 0;
			defaultConfigurationName = Release;
		};
		87A8FC2C2B9C60590053CBBC /* Build configuration list for PBXNativeTarget "firstAppUITests" */ = {
			isa = XCConfigurationList;
			buildConfigurations = (
				87A8FC2D2B9C60590053CBBC /* Debug */,
				87A8FC2E2B9C60590053CBBC /* Release */,
			);
			defaultConfigurationIsVisible = 0;
			defaultConfigurationName = Release;
		};
/* End XCConfigurationList section */
	};
	rootObject = 87A8FBFA2B9C60560053CBBC /* Project object */;
}
